
Microsoft Visual Studio Solution File, Format Version 12.00
# Visual Studio Version 17
VisualStudioVersion = 17.8.34302.71
MinimumVisualStudioVersion = 10.0.40219.1
Project("{9A19103F-16F7-4668-BE54-9A1E7A4F7556}") = "WebApp_UnderTheHood", "WebApp_UnderTheHood\WebApp_UnderTheHood.csproj", "{ADDDB8CB-BCD5-4599-B83C-568A6D29579B}"
EndProject
Project("{FAE04EC0-301F-11D3-BF4B-00C04F79EFBC}") = "Web API", "Web API\Web API.csproj", "{3C071BF6-96C1-45CF-9577-274B0040E522}"
EndProject
Global
	GlobalSection(SolutionConfigurationPlatforms) = preSolution
		Debug|Any CPU = Debug|Any CPU
		Release|Any CPU = Release|Any CPU
	EndGlobalSection
	GlobalSection(ProjectConfigurationPlatforms) = postSolution
		{ADDDB8CB-BCD5-4599-B83C-568A6D29579B}.Debug|Any CPU.ActiveCfg = Debug|Any CPU
		{ADDDB8CB-BCD5-4599-B83C-568A6D29579B}.Debug|Any CPU.Build.0 = Debug|Any CPU
		{ADDDB8CB-BCD5-4599-B83C-568A6D29579B}.Release|Any CPU.ActiveCfg = Release|Any CPU
		{ADDDB8CB-BCD5-4599-B83C-568A6D29579B}.Release|Any CPU.Build.0 = Release|Any CPU
		{3C071BF6-96C1-45CF-9577-274B0040E522}.Debug|Any CPU.ActiveCfg = Debug|Any CPU
		{3C071BF6-96C1-45CF-9577-274B0040E522}.Debug|Any CPU.Build.0 = Debug|Any CPU
		{3C071BF6-96C1-45CF-9577-274B0040E522}.Release|Any CPU.ActiveCfg = Release|Any CPU
		{3C071BF6-96C1-45CF-9577-274B0040E522}.Release|Any CPU.Build.0 = Release|Any CPU
	EndGlobalSection
	GlobalSection(SolutionProperties) = preSolution
		HideSolutionNode = FALSE
	EndGlobalSection
	GlobalSection(ExtensibilityGlobals) = postSolution
		SolutionGuid = {54BEB32C-6CF7-461F-95ED-E78830DEF77A}
	EndGlobalSection
EndGlobal
